
Microsoft Visual Studio Solution File, Format Version 12.00
# Visual Studio 15
VisualStudioVersion = 15.0.27428.2015
MinimumVisualStudioVersion = 10.0.40219.1
Project("{9A19103F-16F7-4668-BE54-9A1E7A4F7556}") = "ClientVersionManager", "src\ClientVersionManager\ClientVersionManager.csproj", "{3AA709C7-0038-4966-B118-14B5A3951B1A}"
EndProject
Project("{2150E333-8FDC-42A3-9474-1A3956D46DE8}") = "src", "src", "{2D8FCC7A-8549-4A97-9CF0-883EF29B741C}"
EndProject
Project("{2150E333-8FDC-42A3-9474-1A3956D46DE8}") = "deploy", "deploy", "{791F450C-AA2A-4D53-82C0-5752A6198B51}"
	ProjectSection(SolutionItems) = preProject
		deploy\deployment.yaml = deploy\deployment.yaml
		deploy\ingress.yaml = deploy\ingress.yaml
		deploy\service.yaml = deploy\service.yaml
	EndProjectSection
EndProject
Global
	GlobalSection(SolutionConfigurationPlatforms) = preSolution
		Debug|Any CPU = Debug|Any CPU
		Release|Any CPU = Release|Any CPU
	EndGlobalSection
	GlobalSection(ProjectConfigurationPlatforms) = postSolution
		{3AA709C7-0038-4966-B118-14B5A3951B1A}.Debug|Any CPU.ActiveCfg = Debug|Any CPU
		{3AA709C7-0038-4966-B118-14B5A3951B1A}.Debug|Any CPU.Build.0 = Debug|Any CPU
		{3AA709C7-0038-4966-B118-14B5A3951B1A}.Release|Any CPU.ActiveCfg = Release|Any CPU
		{3AA709C7-0038-4966-B118-14B5A3951B1A}.Release|Any CPU.Build.0 = Release|Any CPU
	EndGlobalSection
	GlobalSection(SolutionProperties) = preSolution
		HideSolutionNode = FALSE
	EndGlobalSection
	GlobalSection(NestedProjects) = preSolution
		{3AA709C7-0038-4966-B118-14B5A3951B1A} = {2D8FCC7A-8549-4A97-9CF0-883EF29B741C}
	EndGlobalSection
	GlobalSection(ExtensibilityGlobals) = postSolution
		SolutionGuid = {EF8D5538-A6DB-4468-98CB-7FC92FEED97D}
	EndGlobalSection
EndGlobal
